
Microsoft Visual Studio Solution File, Format Version 12.00
# Visual Studio Version 17
VisualStudioVersion = 17.13.35806.99 d17.13
MinimumVisualStudioVersion = 10.0.40219.1
Project("{FAE04EC0-301F-11D3-BF4B-00C04F79EFBC}") = "PetNameGenerator", "PetNameGenerator\PetNameGenerator.csproj", "{9676C712-205C-407C-8B6A-323E9186398C}"
EndProject
Global
	GlobalSection(SolutionConfigurationPlatforms) = preSolution
		Debug|Any CPU = Debug|Any CPU
		Release|Any CPU = Release|Any CPU
	EndGlobalSection
	GlobalSection(ProjectConfigurationPlatforms) = postSolution
		{9676C712-205C-407C-8B6A-323E9186398C}.Debug|Any CPU.ActiveCfg = Debug|Any CPU
		{9676C712-205C-407C-8B6A-323E9186398C}.Debug|Any CPU.Build.0 = Debug|Any CPU
		{9676C712-205C-407C-8B6A-323E9186398C}.Release|Any CPU.ActiveCfg = Release|Any CPU
		{9676C712-205C-407C-8B6A-323E9186398C}.Release|Any CPU.Build.0 = Release|Any CPU
	EndGlobalSection
	GlobalSection(SolutionProperties) = preSolution
		HideSolutionNode = FALSE
	EndGlobalSection
	GlobalSection(ExtensibilityGlobals) = postSolution
		SolutionGuid = {7486FB91-E37D-47D1-B1EA-1ACB972BB5C9}
	EndGlobalSection
EndGlobal
